github.com/DATA-DOG/go-sqlmock v1.3.2 h1:2L2f5t3kKnCLxnClDD/PrDfExFFa1wjESgxHG/B1ibo=
github.com/DATA-DOG/go-sqlmock v1.3.2/go.mod h1:f/Ixk793poVmq4qj/V1dPUg2JEAKC73Q5eFN3EC/SaM=
github.com/streadway/amqp v0.0.0-20190214183023-884228600bc9 h1:wR6aLKdbJ5E8m+NZWkVeT49ExjlqUe0B41zfM5/m44I=
github.com/streadway/amqp v0.0.0-20190214183023-884228600bc9/go.mod h1:1WNBiOZtZQLpVAyu0iTduoJL9hEsMloAK5XWrtW0xdY=
